
Microsoft Visual Studio Solution File, Format Version 12.00
# Visual Studio Version 17
Project("{8BC9CEB8-8B4A-11D0-8D11-00A0C91BC942}") = "ALL_BUILD", "ALL_BUILD.vcxproj", "{03D6A49F-8E50-301E-8BB9-C314953C701A}"
	ProjectSection(ProjectDependencies) = postProject
		{963989F4-412A-37CB-876C-253EB2F3AD9F} = {963989F4-412A-37CB-876C-253EB2F3AD9F}
		{B659241D-9298-3832-AEC3-69AC114C57E5} = {B659241D-9298-3832-AEC3-69AC114C57E5}
		{A3759FC6-3589-3AB6-AC4B-EBFD84E79A3E} = {A3759FC6-3589-3AB6-AC4B-EBFD84E79A3E}
	EndProjectSection
EndProject
Project("{8BC9CEB8-8B4A-11D0-8D11-00A0C91BC942}") = "ZERO_CHECK", "ZERO_CHECK.vcxproj", "{963989F4-412A-37CB-876C-253EB2F3AD9F}"
	ProjectSection(ProjectDependencies) = postProject
	EndProjectSection
EndProject
Project("{8BC9CEB8-8B4A-11D0-8D11-00A0C91BC942}") = "complex", "ISRPO_Lab2\complex.vcxproj", "{B659241D-9298-3832-AEC3-69AC114C57E5}"
	ProjectSection(ProjectDependencies) = postProject
		{963989F4-412A-37CB-876C-253EB2F3AD9F} = {963989F4-412A-37CB-876C-253EB2F3AD9F}
	EndProjectSection
EndProject
Project("{8BC9CEB8-8B4A-11D0-8D11-00A0C91BC942}") = "main", "Main\main.vcxproj", "{A3759FC6-3589-3AB6-AC4B-EBFD84E79A3E}"
	ProjectSection(ProjectDependencies) = postProject
		{963989F4-412A-37CB-876C-253EB2F3AD9F} = {963989F4-412A-37CB-876C-253EB2F3AD9F}
		{B659241D-9298-3832-AEC3-69AC114C57E5} = {B659241D-9298-3832-AEC3-69AC114C57E5}
	EndProjectSection
EndProject
Global
	GlobalSection(SolutionConfigurationPlatforms) = preSolution
		Debug|x64 = Debug|x64
		Release|x64 = Release|x64
		MinSizeRel|x64 = MinSizeRel|x64
		RelWithDebInfo|x64 = RelWithDebInfo|x64
	EndGlobalSection
	GlobalSection(ProjectConfigurationPlatforms) = postSolution
		{03D6A49F-8E50-301E-8BB9-C314953C701A}.Debug|x64.ActiveCfg = Debug|x64
		{03D6A49F-8E50-301E-8BB9-C314953C701A}.Release|x64.ActiveCfg = Release|x64
		{03D6A49F-8E50-301E-8BB9-C314953C701A}.MinSizeRel|x64.ActiveCfg = MinSizeRel|x64
		{03D6A49F-8E50-301E-8BB9-C314953C701A}.RelWithDebInfo|x64.ActiveCfg = RelWithDebInfo|x64
		{963989F4-412A-37CB-876C-253EB2F3AD9F}.Debug|x64.ActiveCfg = Debug|x64
		{963989F4-412A-37CB-876C-253EB2F3AD9F}.Debug|x64.Build.0 = Debug|x64
		{963989F4-412A-37CB-876C-253EB2F3AD9F}.Release|x64.ActiveCfg = Release|x64
		{963989F4-412A-37CB-876C-253EB2F3AD9F}.Release|x64.Build.0 = Release|x64
		{963989F4-412A-37CB-876C-253EB2F3AD9F}.MinSizeRel|x64.ActiveCfg = MinSizeRel|x64
		{963989F4-412A-37CB-876C-253EB2F3AD9F}.MinSizeRel|x64.Build.0 = MinSizeRel|x64
		{963989F4-412A-37CB-876C-253EB2F3AD9F}.RelWithDebInfo|x64.ActiveCfg = RelWithDebInfo|x64
		{963989F4-412A-37CB-876C-253EB2F3AD9F}.RelWithDebInfo|x64.Build.0 = RelWithDebInfo|x64
		{B659241D-9298-3832-AEC3-69AC114C57E5}.Debug|x64.ActiveCfg = Debug|x64
		{B659241D-9298-3832-AEC3-69AC114C57E5}.Debug|x64.Build.0 = Debug|x64
		{B659241D-9298-3832-AEC3-69AC114C57E5}.Release|x64.ActiveCfg = Release|x64
		{B659241D-9298-3832-AEC3-69AC114C57E5}.Release|x64.Build.0 = Release|x64
		{B659241D-9298-3832-AEC3-69AC114C57E5}.MinSizeRel|x64.ActiveCfg = MinSizeRel|x64
		{B659241D-9298-3832-AEC3-69AC114C57E5}.MinSizeRel|x64.Build.0 = MinSizeRel|x64
		{B659241D-9298-3832-AEC3-69AC114C57E5}.RelWithDebInfo|x64.ActiveCfg = RelWithDebInfo|x64
		{B659241D-9298-3832-AEC3-69AC114C57E5}.RelWithDebInfo|x64.Build.0 = RelWithDebInfo|x64
		{A3759FC6-3589-3AB6-AC4B-EBFD84E79A3E}.Debug|x64.ActiveCfg = Debug|x64
		{A3759FC6-3589-3AB6-AC4B-EBFD84E79A3E}.Debug|x64.Build.0 = Debug|x64
		{A3759FC6-3589-3AB6-AC4B-EBFD84E79A3E}.Release|x64.ActiveCfg = Release|x64
		{A3759FC6-3589-3AB6-AC4B-EBFD84E79A3E}.Release|x64.Build.0 = Release|x64
		{A3759FC6-3589-3AB6-AC4B-EBFD84E79A3E}.MinSizeRel|x64.ActiveCfg = MinSizeRel|x64
		{A3759FC6-3589-3AB6-AC4B-EBFD84E79A3E}.MinSizeRel|x64.Build.0 = MinSizeRel|x64
		{A3759FC6-3589-3AB6-AC4B-EBFD84E79A3E}.RelWithDebInfo|x64.ActiveCfg = RelWithDebInfo|x64
		{A3759FC6-3589-3AB6-AC4B-EBFD84E79A3E}.RelWithDebInfo|x64.Build.0 = RelWithDebInfo|x64
	EndGlobalSection
	GlobalSection(ExtensibilityGlobals) = postSolution
		SolutionGuid = {13CA9429-B0D4-3EDB-9504-DDC64BABEDF0}
	EndGlobalSection
	GlobalSection(ExtensibilityAddIns) = postSolution
	EndGlobalSection
EndGlobal
