
Microsoft Visual Studio Solution File, Format Version 12.00
# Visual Studio 15
VisualStudioVersion = 15.0.28307.1972
MinimumVisualStudioVersion = 10.0.40219.1
Project("{FAE04EC0-301F-11D3-BF4B-00C04F79EFBC}") = "ISRPO_Lab9A", "ISRPO_Lab9A\ISRPO_Lab9A.csproj", "{B8CCE42B-FC80-4ABD-9391-C2F9DCED7555}"
EndProject
Global
	GlobalSection(SolutionConfigurationPlatforms) = preSolution
		Debug|Any CPU = Debug|Any CPU
		Release|Any CPU = Release|Any CPU
	EndGlobalSection
	GlobalSection(ProjectConfigurationPlatforms) = postSolution
		{B8CCE42B-FC80-4ABD-9391-C2F9DCED7555}.Debug|Any CPU.ActiveCfg = Debug|Any CPU
		{B8CCE42B-FC80-4ABD-9391-C2F9DCED7555}.Debug|Any CPU.Build.0 = Debug|Any CPU
		{B8CCE42B-FC80-4ABD-9391-C2F9DCED7555}.Release|Any CPU.ActiveCfg = Release|Any CPU
		{B8CCE42B-FC80-4ABD-9391-C2F9DCED7555}.Release|Any CPU.Build.0 = Release|Any CPU
	EndGlobalSection
	GlobalSection(SolutionProperties) = preSolution
		HideSolutionNode = FALSE
	EndGlobalSection
	GlobalSection(ExtensibilityGlobals) = postSolution
		SolutionGuid = {74F6BD75-B372-4636-9815-E6360EAF4110}
	EndGlobalSection
EndGlobal
