<?xml version="1.0" encoding="utf-8"?>
<Project ToolsVersion="17.0" xmlns="http://schemas.microsoft.com/developer/msbuild/2003">
  <ItemGroup>
    <ClCompile Include="K:\isrpo_rep1\ISRPO_Lab2\ISRPO_Lab2\complex.cpp">
      <Filter>Source Files</Filter>
    </ClCompile>
  </ItemGroup>
  <ItemGroup>
    <ClInclude Include="K:\isrpo_rep1\ISRPO_Lab2\ISRPO_Lab2\complex.h">
      <Filter>Header Files</Filter>
    </ClInclude>
  </ItemGroup>
  <ItemGroup>
    <CustomBuild Include="K:\isrpo_rep1\ISRPO_Lab2\ISRPO_Lab2\CMakeLists.txt" />
  </ItemGroup>
  <ItemGroup>
    <Filter Include="Header Files">
      <UniqueIdentifier>{E93153D1-20A3-3024-8698-340985A2076B}</UniqueIdentifier>
    </Filter>
    <Filter Include="Source Files">
      <UniqueIdentifier>{A6A39A70-0709-323B-8301-F2A35E2D337D}</UniqueIdentifier>
    </Filter>
  </ItemGroup>
</Project>
