
Microsoft Visual Studio Solution File, Format Version 12.00
# Visual Studio Version 17
VisualStudioVersion = 17.2.32616.157
MinimumVisualStudioVersion = 10.0.40219.1
Project("{FAE04EC0-301F-11D3-BF4B-00C04F79EFBC}") = "ISRPO_Lab3_Test", "ISRPO_Lab3_Test\ISRPO_Lab3_Test.csproj", "{6E53F533-B002-4D99-B9AD-D7CEA0B17607}"
EndProject
Global
	GlobalSection(SolutionConfigurationPlatforms) = preSolution
		Debug|Any CPU = Debug|Any CPU
		Release|Any CPU = Release|Any CPU
	EndGlobalSection
	GlobalSection(ProjectConfigurationPlatforms) = postSolution
		{6E53F533-B002-4D99-B9AD-D7CEA0B17607}.Debug|Any CPU.ActiveCfg = Debug|Any CPU
		{6E53F533-B002-4D99-B9AD-D7CEA0B17607}.Debug|Any CPU.Build.0 = Debug|Any CPU
		{6E53F533-B002-4D99-B9AD-D7CEA0B17607}.Release|Any CPU.ActiveCfg = Release|Any CPU
		{6E53F533-B002-4D99-B9AD-D7CEA0B17607}.Release|Any CPU.Build.0 = Release|Any CPU
	EndGlobalSection
	GlobalSection(SolutionProperties) = preSolution
		HideSolutionNode = FALSE
	EndGlobalSection
	GlobalSection(ExtensibilityGlobals) = postSolution
		SolutionGuid = {39B05975-43A5-455E-8B80-720F3676E34D}
	EndGlobalSection
EndGlobal
