
Microsoft Visual Studio Solution File, Format Version 12.00
# Visual Studio 15
VisualStudioVersion = 15.0.28307.1972
MinimumVisualStudioVersion = 10.0.40219.1
Project("{FAE04EC0-301F-11D3-BF4B-00C04F79EFBC}") = "ISRPO_Lab7C", "ISRPO_Lab7C\ISRPO_Lab7C.csproj", "{365102E2-0503-4062-BEBC-87EC291BD700}"
EndProject
Global
	GlobalSection(SolutionConfigurationPlatforms) = preSolution
		Debug|Any CPU = Debug|Any CPU
		Release|Any CPU = Release|Any CPU
	EndGlobalSection
	GlobalSection(ProjectConfigurationPlatforms) = postSolution
		{365102E2-0503-4062-BEBC-87EC291BD700}.Debug|Any CPU.ActiveCfg = Debug|Any CPU
		{365102E2-0503-4062-BEBC-87EC291BD700}.Debug|Any CPU.Build.0 = Debug|Any CPU
		{365102E2-0503-4062-BEBC-87EC291BD700}.Release|Any CPU.ActiveCfg = Release|Any CPU
		{365102E2-0503-4062-BEBC-87EC291BD700}.Release|Any CPU.Build.0 = Release|Any CPU
	EndGlobalSection
	GlobalSection(SolutionProperties) = preSolution
		HideSolutionNode = FALSE
	EndGlobalSection
	GlobalSection(ExtensibilityGlobals) = postSolution
		SolutionGuid = {5AD70D08-ABC9-4C84-81AD-887BBF55B051}
	EndGlobalSection
EndGlobal
