
Microsoft Visual Studio Solution File, Format Version 12.00
# Visual Studio 15
VisualStudioVersion = 15.0.28307.1972
MinimumVisualStudioVersion = 10.0.40219.1
Project("{FAE04EC0-301F-11D3-BF4B-00C04F79EFBC}") = "Lab6A-2", "Lab6A-2\Lab6A-2.csproj", "{51DF27CB-76BF-4049-8E35-5168D59D917A}"
EndProject
Global
	GlobalSection(SolutionConfigurationPlatforms) = preSolution
		Debug|Any CPU = Debug|Any CPU
		Release|Any CPU = Release|Any CPU
	EndGlobalSection
	GlobalSection(ProjectConfigurationPlatforms) = postSolution
		{51DF27CB-76BF-4049-8E35-5168D59D917A}.Debug|Any CPU.ActiveCfg = Debug|Any CPU
		{51DF27CB-76BF-4049-8E35-5168D59D917A}.Debug|Any CPU.Build.0 = Debug|Any CPU
		{51DF27CB-76BF-4049-8E35-5168D59D917A}.Release|Any CPU.ActiveCfg = Release|Any CPU
		{51DF27CB-76BF-4049-8E35-5168D59D917A}.Release|Any CPU.Build.0 = Release|Any CPU
	EndGlobalSection
	GlobalSection(SolutionProperties) = preSolution
		HideSolutionNode = FALSE
	EndGlobalSection
	GlobalSection(ExtensibilityGlobals) = postSolution
		SolutionGuid = {B166E67C-44CF-4B14-B509-4E2E882CD25B}
	EndGlobalSection
EndGlobal
