
Microsoft Visual Studio Solution File, Format Version 12.00
# Visual Studio 15
VisualStudioVersion = 15.0.28307.1972
MinimumVisualStudioVersion = 10.0.40219.1
Project("{FAE04EC0-301F-11D3-BF4B-00C04F79EFBC}") = "Lab6B-1", "Lab6B-1\Lab6B-1.csproj", "{E1C3208E-183D-4F72-ABBA-0797D2D0CD13}"
EndProject
Global
	GlobalSection(SolutionConfigurationPlatforms) = preSolution
		Debug|Any CPU = Debug|Any CPU
		Release|Any CPU = Release|Any CPU
	EndGlobalSection
	GlobalSection(ProjectConfigurationPlatforms) = postSolution
		{E1C3208E-183D-4F72-ABBA-0797D2D0CD13}.Debug|Any CPU.ActiveCfg = Debug|Any CPU
		{E1C3208E-183D-4F72-ABBA-0797D2D0CD13}.Debug|Any CPU.Build.0 = Debug|Any CPU
		{E1C3208E-183D-4F72-ABBA-0797D2D0CD13}.Release|Any CPU.ActiveCfg = Release|Any CPU
		{E1C3208E-183D-4F72-ABBA-0797D2D0CD13}.Release|Any CPU.Build.0 = Release|Any CPU
	EndGlobalSection
	GlobalSection(SolutionProperties) = preSolution
		HideSolutionNode = FALSE
	EndGlobalSection
	GlobalSection(ExtensibilityGlobals) = postSolution
		SolutionGuid = {19342BA1-48D7-400D-96E8-E1EA17FECD61}
	EndGlobalSection
EndGlobal
